
Microsoft Visual Studio Solution File, Format Version 12.00
# Visual Studio Version 17
VisualStudioVersion = 17.4.33213.308
MinimumVisualStudioVersion = 10.0.40219.1
Project("{9A19103F-16F7-4668-BE54-9A1E7A4F7556}") = "Basic Bullet Journal", "Basic Bullet Journal.csproj", "{5B77C4F4-D8AB-4466-988E-D2A544FFB136}"
EndProject
Global
	GlobalSection(SolutionConfigurationPlatforms) = preSolution
		Debug|Any CPU = Debug|Any CPU
		Release|Any CPU = Release|Any CPU
	EndGlobalSection
	GlobalSection(ProjectConfigurationPlatforms) = postSolution
		{5B77C4F4-D8AB-4466-988E-D2A544FFB136}.Debug|Any CPU.ActiveCfg = Debug|Any CPU
		{5B77C4F4-D8AB-4466-988E-D2A544FFB136}.Debug|Any CPU.Build.0 = Debug|Any CPU
		{5B77C4F4-D8AB-4466-988E-D2A544FFB136}.Release|Any CPU.ActiveCfg = Release|Any CPU
		{5B77C4F4-D8AB-4466-988E-D2A544FFB136}.Release|Any CPU.Build.0 = Release|Any CPU
	EndGlobalSection
	GlobalSection(SolutionProperties) = preSolution
		HideSolutionNode = FALSE
	EndGlobalSection
	GlobalSection(ExtensibilityGlobals) = postSolution
		SolutionGuid = {1813714F-2D3D-4B59-B980-2CDD1EF96450}
	EndGlobalSection
EndGlobal
